
Microsoft Visual Studio Solution File, Format Version 12.00
# Visual Studio Version 17
VisualStudioVersion = 17.13.35931.197 d17.13
MinimumVisualStudioVersion = 10.0.40219.1
Project("{FAE04EC0-301F-11D3-BF4B-00C04F79EFBC}") = "Aula9", "Aula9\Aula9.csproj", "{79FE8A37-0613-4F53-AD30-E0281BC45F25}"
EndProject
Global
	GlobalSection(SolutionConfigurationPlatforms) = preSolution
		Debug|Any CPU = Debug|Any CPU
		Release|Any CPU = Release|Any CPU
	EndGlobalSection
	GlobalSection(ProjectConfigurationPlatforms) = postSolution
		{79FE8A37-0613-4F53-AD30-E0281BC45F25}.Debug|Any CPU.ActiveCfg = Debug|Any CPU
		{79FE8A37-0613-4F53-AD30-E0281BC45F25}.Debug|Any CPU.Build.0 = Debug|Any CPU
		{79FE8A37-0613-4F53-AD30-E0281BC45F25}.Release|Any CPU.ActiveCfg = Release|Any CPU
		{79FE8A37-0613-4F53-AD30-E0281BC45F25}.Release|Any CPU.Build.0 = Release|Any CPU
	EndGlobalSection
	GlobalSection(SolutionProperties) = preSolution
		HideSolutionNode = FALSE
	EndGlobalSection
	GlobalSection(ExtensibilityGlobals) = postSolution
		SolutionGuid = {B88E8A71-3DC9-4A75-B957-1D857A212A67}
	EndGlobalSection
EndGlobal
